// !$*UTF8*$!
{
	archiveVersion = 1;
	classes = {
	};
	objectVersion = 46;
	objects = {

/* Begin PBXBuildFile section */
		C5A333771BDAF6EA000767B2 /* AppDelegate.swift in Sources */ = {isa = PBXBuildFile; fileRef = C5A333761BDAF6EA000767B2 /* AppDelegate.swift */; };
		C5A333791BDAF6EA000767B2 /* Assets.xcassets in Resources */ = {isa = PBXBuildFile; fileRef = C5A333781BDAF6EA000767B2 /* Assets.xcassets */; };
		C5A3337C1BDAF6EA000767B2 /* MainMenu.xib in Resources */ = {isa = PBXBuildFile; fileRef = C5A3337A1BDAF6EA000767B2 /* MainMenu.xib */; };
		C5A333871BDAF6EA000767B2 /* DefaultBrowserTests.swift in Sources */ = {isa = PBXBuildFile; fileRef = C5A333861BDAF6EA000767B2 /* DefaultBrowserTests.swift */; };
		C5A333921BDAF6EA000767B2 /* DefaultBrowserUITests.swift in Sources */ = {isa = PBXBuildFile; fileRef = C5A333911BDAF6EA000767B2 /* DefaultBrowserUITests.swift */; };
		C5E39DC21BE83B48004E722B /* Defaults.swift in Sources */ = {isa = PBXBuildFile; fileRef = C5E39DC11BE83B48004E722B /* Defaults.swift */; };
/* End PBXBuildFile section */

/* Begin PBXContainerItemProxy section */
		C5A333831BDAF6EA000767B2 /* PBXContainerItemProxy */ = {
			isa = PBXContainerItemProxy;
			containerPortal = C5A3336B1BDAF6EA000767B2 /* Project object */;
			proxyType = 1;
			remoteGlobalIDString = C5A333721BDAF6EA000767B2;
			remoteInfo = DefaultBrowser;
		};
		C5A3338E1BDAF6EA000767B2 /* PBXContainerItemProxy */ = {
			isa = PBXContainerItemProxy;
			containerPortal = C5A3336B1BDAF6EA000767B2 /* Project object */;
			proxyType = 1;
			remoteGlobalIDString = C5A333721BDAF6EA000767B2;
			remoteInfo = DefaultBrowser;
		};
/* End PBXContainerItemProxy section */

/* Begin PBXFileReference section */
		C5A333731BDAF6EA000767B2 /* Default Browser.app */ = {isa = PBXFileReference; explicitFileType = wrapper.application; includeInIndex = 0; path = "Default Browser.app"; sourceTree = BUILT_PRODUCTS_DIR; };
		C5A333761BDAF6EA000767B2 /* AppDelegate.swift */ = {isa = PBXFileReference; lastKnownFileType = sourcecode.swift; path = AppDelegate.swift; sourceTree = "<group>"; };
		C5A333781BDAF6EA000767B2 /* Assets.xcassets */ = {isa = PBXFileReference; lastKnownFileType = folder.assetcatalog; path = Assets.xcassets; sourceTree = "<group>"; };
		C5A3337B1BDAF6EA000767B2 /* Base */ = {isa = PBXFileReference; lastKnownFileType = file.xib; name = Base; path = Base.lproj/MainMenu.xib; sourceTree = "<group>"; };
		C5A3337D1BDAF6EA000767B2 /* Info.plist */ = {isa = PBXFileReference; lastKnownFileType = text.plist.xml; path = Info.plist; sourceTree = "<group>"; };
		C5A333821BDAF6EA000767B2 /* DefaultBrowserTests.xctest */ = {isa = PBXFileReference; explicitFileType = wrapper.cfbundle; includeInIndex = 0; path = DefaultBrowserTests.xctest; sourceTree = BUILT_PRODUCTS_DIR; };
		C5A333861BDAF6EA000767B2 /* DefaultBrowserTests.swift */ = {isa = PBXFileReference; lastKnownFileType = sourcecode.swift; path = DefaultBrowserTests.swift; sourceTree = "<group>"; };
		C5A333881BDAF6EA000767B2 /* Info.plist */ = {isa = PBXFileReference; lastKnownFileType = text.plist.xml; path = Info.plist; sourceTree = "<group>"; };
		C5A3338D1BDAF6EA000767B2 /* DefaultBrowserUITests.xctest */ = {isa = PBXFileReference; explicitFileType = wrapper.cfbundle; includeInIndex = 0; path = DefaultBrowserUITests.xctest; sourceTree = BUILT_PRODUCTS_DIR; };
		C5A333911BDAF6EA000767B2 /* DefaultBrowserUITests.swift */ = {isa = PBXFileReference; lastKnownFileType = sourcecode.swift; path = DefaultBrowserUITests.swift; sourceTree = "<group>"; };
		C5A333931BDAF6EA000767B2 /* Info.plist */ = {isa = PBXFileReference; lastKnownFileType = text.plist.xml; path = Info.plist; sourceTree = "<group>"; };
		C5E39DC11BE83B48004E722B /* Defaults.swift */ = {isa = PBXFileReference; fileEncoding = 4; lastKnownFileType = sourcecode.swift; path = Defaults.swift; sourceTree = "<group>"; };
		C5E39DC31BE893EA004E722B /* Default Browser.entitlements */ = {isa = PBXFileReference; lastKnownFileType = text.xml; path = "Default Browser.entitlements"; sourceTree = "<group>"; };
/* End PBXFileReference section */

/* Begin PBXFrameworksBuildPhase section */
		C5A333701BDAF6EA000767B2 /* Frameworks */ = {
			isa = PBXFrameworksBuildPhase;
			buildActionMask = 2147483647;
			files = (
			);
			runOnlyForDeploymentPostprocessing = 0;
		};
		C5A3337F1BDAF6EA000767B2 /* Frameworks */ = {
			isa = PBXFrameworksBuildPhase;
			buildActionMask = 2147483647;
			files = (
			);
			runOnlyForDeploymentPostprocessing = 0;
		};
		C5A3338A1BDAF6EA000767B2 /* Frameworks */ = {
			isa = PBXFrameworksBuildPhase;
			buildActionMask = 2147483647;
			files = (
			);
			runOnlyForDeploymentPostprocessing = 0;
		};
/* End PBXFrameworksBuildPhase section */

/* Begin PBXGroup section */
		C5A3336A1BDAF6EA000767B2 = {
			isa = PBXGroup;
			children = (
				C5E39DC31BE893EA004E722B /* Default Browser.entitlements */,
				C5A333751BDAF6EA000767B2 /* DefaultBrowser */,
				C5A333851BDAF6EA000767B2 /* DefaultBrowserTests */,
				C5A333901BDAF6EA000767B2 /* DefaultBrowserUITests */,
				C5A333741BDAF6EA000767B2 /* Products */,
			);
			sourceTree = "<group>";
		};
		C5A333741BDAF6EA000767B2 /* Products */ = {
			isa = PBXGroup;
			children = (
				C5A333731BDAF6EA000767B2 /* Default Browser.app */,
				C5A333821BDAF6EA000767B2 /* DefaultBrowserTests.xctest */,
				C5A3338D1BDAF6EA000767B2 /* DefaultBrowserUITests.xctest */,
			);
			name = Products;
			sourceTree = "<group>";
		};
		C5A333751BDAF6EA000767B2 /* DefaultBrowser */ = {
			isa = PBXGroup;
			children = (
				C5A333761BDAF6EA000767B2 /* AppDelegate.swift */,
				C5E39DC11BE83B48004E722B /* Defaults.swift */,
				C5A333781BDAF6EA000767B2 /* Assets.xcassets */,
				C5A3337A1BDAF6EA000767B2 /* MainMenu.xib */,
				C5A3337D1BDAF6EA000767B2 /* Info.plist */,
			);
			path = DefaultBrowser;
			sourceTree = "<group>";
		};
		C5A333851BDAF6EA000767B2 /* DefaultBrowserTests */ = {
			isa = PBXGroup;
			children = (
				C5A333861BDAF6EA000767B2 /* DefaultBrowserTests.swift */,
				C5A333881BDAF6EA000767B2 /* Info.plist */,
			);
			path = DefaultBrowserTests;
			sourceTree = "<group>";
		};
		C5A333901BDAF6EA000767B2 /* DefaultBrowserUITests */ = {
			isa = PBXGroup;
			children = (
				C5A333911BDAF6EA000767B2 /* DefaultBrowserUITests.swift */,
				C5A333931BDAF6EA000767B2 /* Info.plist */,
			);
			path = DefaultBrowserUITests;
			sourceTree = "<group>";
		};
/* End PBXGroup section */

/* Begin PBXNativeTarget section */
		C5A333721BDAF6EA000767B2 /* Default Browser */ = {
			isa = PBXNativeTarget;
			buildConfigurationList = C5A333961BDAF6EA000767B2 /* Build configuration list for PBXNativeTarget "Default Browser" */;
			buildPhases = (
				C5A3336F1BDAF6EA000767B2 /* Sources */,
				C5A333701BDAF6EA000767B2 /* Frameworks */,
				C5A333711BDAF6EA000767B2 /* Resources */,
			);
			buildRules = (
			);
			dependencies = (
			);
			name = "Default Browser";
			productName = DefaultBrowser;
			productReference = C5A333731BDAF6EA000767B2 /* Default Browser.app */;
			productType = "com.apple.product-type.application";
		};
		C5A333811BDAF6EA000767B2 /* DefaultBrowserTests */ = {
			isa = PBXNativeTarget;
			buildConfigurationList = C5A333991BDAF6EA000767B2 /* Build configuration list for PBXNativeTarget "DefaultBrowserTests" */;
			buildPhases = (
				C5A3337E1BDAF6EA000767B2 /* Sources */,
				C5A3337F1BDAF6EA000767B2 /* Frameworks */,
				C5A333801BDAF6EA000767B2 /* Resources */,
			);
			buildRules = (
			);
			dependencies = (
				C5A333841BDAF6EA000767B2 /* PBXTargetDependency */,
			);
			name = DefaultBrowserTests;
			productName = DefaultBrowserTests;
			productReference = C5A333821BDAF6EA000767B2 /* DefaultBrowserTests.xctest */;
			productType = "com.apple.product-type.bundle.unit-test";
		};
		C5A3338C1BDAF6EA000767B2 /* DefaultBrowserUITests */ = {
			isa = PBXNativeTarget;
			buildConfigurationList = C5A3339C1BDAF6EA000767B2 /* Build configuration list for PBXNativeTarget "DefaultBrowserUITests" */;
			buildPhases = (
				C5A333891BDAF6EA000767B2 /* Sources */,
				C5A3338A1BDAF6EA000767B2 /* Frameworks */,
				C5A3338B1BDAF6EA000767B2 /* Resources */,
			);
			buildRules = (
			);
			dependencies = (
				C5A3338F1BDAF6EA000767B2 /* PBXTargetDependency */,
			);
			name = DefaultBrowserUITests;
			productName = DefaultBrowserUITests;
			productReference = C5A3338D1BDAF6EA000767B2 /* DefaultBrowserUITests.xctest */;
			productType = "com.apple.product-type.bundle.ui-testing";
		};
/* End PBXNativeTarget section */

/* Begin PBXProject section */
		C5A3336B1BDAF6EA000767B2 /* Project object */ = {
			isa = PBXProject;
			attributes = {
				LastSwiftUpdateCheck = 0710;
				LastUpgradeCheck = 0710;
				ORGANIZATIONNAME = "Cameron Little";
				TargetAttributes = {
					C5A333721BDAF6EA000767B2 = {
						CreatedOnToolsVersion = 7.1;
						DevelopmentTeam = 6D9DLTQJSN;
						SystemCapabilities = {
							com.apple.Sandbox = {
								enabled = 1;
							};
						};
					};
					C5A333811BDAF6EA000767B2 = {
						CreatedOnToolsVersion = 7.1;
						TestTargetID = C5A333721BDAF6EA000767B2;
					};
					C5A3338C1BDAF6EA000767B2 = {
						CreatedOnToolsVersion = 7.1;
						TestTargetID = C5A333721BDAF6EA000767B2;
					};
				};
			};
			buildConfigurationList = C5A3336E1BDAF6EA000767B2 /* Build configuration list for PBXProject "DefaultBrowser" */;
			compatibilityVersion = "Xcode 3.2";
			developmentRegion = English;
			hasScannedForEncodings = 0;
			knownRegions = (
				en,
				Base,
			);
			mainGroup = C5A3336A1BDAF6EA000767B2;
			productRefGroup = C5A333741BDAF6EA000767B2 /* Products */;
			projectDirPath = "";
			projectRoot = "";
			targets = (
				C5A333721BDAF6EA000767B2 /* Default Browser */,
				C5A333811BDAF6EA000767B2 /* DefaultBrowserTests */,
				C5A3338C1BDAF6EA000767B2 /* DefaultBrowserUITests */,
			);
		};
/* End PBXProject section */

/* Begin PBXResourcesBuildPhase section */
		C5A333711BDAF6EA000767B2 /* Resources */ = {
			isa = PBXResourcesBuildPhase;
			buildActionMask = 2147483647;
			files = (
				C5A333791BDAF6EA000767B2 /* Assets.xcassets in Resources */,
				C5A3337C1BDAF6EA000767B2 /* MainMenu.xib in Resources */,
			);
			runOnlyForDeploymentPostprocessing = 0;
		};
		C5A333801BDAF6EA000767B2 /* Resources */ = {
			isa = PBXResourcesBuildPhase;
			buildActionMask = 2147483647;
			files = (
			);
			runOnlyForDeploymentPostprocessing = 0;
		};
		C5A3338B1BDAF6EA000767B2 /* Resources */ = {
			isa = PBXResourcesBuildPhase;
			buildActionMask = 2147483647;
			files = (
			);
			runOnlyForDeploymentPostprocessing = 0;
		};
/* End PBXResourcesBuildPhase section */

/* Begin PBXSourcesBuildPhase section */
		C5A3336F1BDAF6EA000767B2 /* Sources */ = {
			isa = PBXSourcesBuildPhase;
			buildActionMask = 2147483647;
			files = (
				C5E39DC21BE83B48004E722B /* Defaults.swift in Sources */,
				C5A333771BDAF6EA000767B2 /* AppDelegate.swift in Sources */,
			);
			runOnlyForDeploymentPostprocessing = 0;
		};
		C5A3337E1BDAF6EA000767B2 /* Sources */ = {
			isa = PBXSourcesBuildPhase;
			buildActionMask = 2147483647;
			files = (
				C5A333871BDAF6EA000767B2 /* DefaultBrowserTests.swift in Sources */,
			);
			runOnlyForDeploymentPostprocessing = 0;
		};
		C5A333891BDAF6EA000767B2 /* Sources */ = {
			isa = PBXSourcesBuildPhase;
			buildActionMask = 2147483647;
			files = (
				C5A333921BDAF6EA000767B2 /* DefaultBrowserUITests.swift in Sources */,
			);
			runOnlyForDeploymentPostprocessing = 0;
		};
/* End PBXSourcesBuildPhase section */

/* Begin PBXTargetDependency section */
		C5A333841BDAF6EA000767B2 /* PBXTargetDependency */ = {
			isa = PBXTargetDependency;
			target = C5A333721BDAF6EA000767B2 /* Default Browser */;
			targetProxy = C5A333831BDAF6EA000767B2 /* PBXContainerItemProxy */;
		};
		C5A3338F1BDAF6EA000767B2 /* PBXTargetDependency */ = {
			isa = PBXTargetDependency;
			target = C5A333721BDAF6EA000767B2 /* Default Browser */;
			targetProxy = C5A3338E1BDAF6EA000767B2 /* PBXContainerItemProxy */;
		};
/* End PBXTargetDependency section */

/* Begin PBXVariantGroup section */
		C5A3337A1BDAF6EA000767B2 /* MainMenu.xib */ = {
			isa = PBXVariantGroup;
			children = (
				C5A3337B1BDAF6EA000767B2 /* Base */,
			);
			name = MainMenu.xib;
			sourceTree = "<group>";
		};
/* End PBXVariantGroup section */

/* Begin XCBuildConfiguration section */
		C5A333941BDAF6EA000767B2 /* Debug */ = {
			isa = XCBuildConfiguration;
			buildSettings = {
				ALWAYS_SEARCH_USER_PATHS = NO;
				CLANG_CXX_LANGUAGE_STANDARD = "gnu++0x";
				CLANG_CXX_LIBRARY = "libc++";
				CLANG_ENABLE_MODULES = YES;
				CLANG_ENABLE_OBJC_ARC = YES;
				CLANG_WARN_BOOL_CONVERSION = YES;
				CLANG_WARN_CONSTANT_CONVERSION = YES;
				CLANG_WARN_DIRECT_OBJC_ISA_USAGE = YES_ERROR;
				CLANG_WARN_EMPTY_BODY = YES;
				CLANG_WARN_ENUM_CONVERSION = YES;
				CLANG_WARN_INT_CONVERSION = YES;
				CLANG_WARN_OBJC_ROOT_CLASS = YES_ERROR;
				CLANG_WARN_UNREACHABLE_CODE = YES;
				CLANG_WARN__DUPLICATE_METHOD_MATCH = YES;
				CODE_SIGN_IDENTITY = "-";
				COPY_PHASE_STRIP = NO;
				DEBUG_INFORMATION_FORMAT = dwarf;
				ENABLE_STRICT_OBJC_MSGSEND = YES;
				ENABLE_TESTABILITY = YES;
				GCC_C_LANGUAGE_STANDARD = gnu99;
				GCC_DYNAMIC_NO_PIC = NO;
				GCC_NO_COMMON_BLOCKS = YES;
				GCC_OPTIMIZATION_LEVEL = 0;
				GCC_PREPROCESSOR_DEFINITIONS = (
					"DEBUG=1",
					"$(inherited)",
				);
				GCC_WARN_64_TO_32_BIT_CONVERSION = YES;
				GCC_WARN_ABOUT_RETURN_TYPE = YES_ERROR;
				GCC_WARN_UNDECLARED_SELECTOR = YES;
				GCC_WARN_UNINITIALIZED_AUTOS = YES_AGGRESSIVE;
				GCC_WARN_UNUSED_FUNCTION = YES;
				GCC_WARN_UNUSED_VARIABLE = YES;
				MACOSX_DEPLOYMENT_TARGET = 10.11;
				MTL_ENABLE_DEBUG_INFO = YES;
				ONLY_ACTIVE_ARCH = YES;
				SDKROOT = macosx;
				SWIFT_OPTIMIZATION_LEVEL = "-Onone";
			};
			name = Debug;
		};
		C5A333951BDAF6EA000767B2 /* Release */ = {
			isa = XCBuildConfiguration;
			buildSettings = {
				ALWAYS_SEARCH_USER_PATHS = NO;
				CLANG_CXX_LANGUAGE_STANDARD = "gnu++0x";
				CLANG_CXX_LIBRARY = "libc++";
				CLANG_ENABLE_MODULES = YES;
				CLANG_ENABLE_OBJC_ARC = YES;
				CLANG_WARN_BOOL_CONVERSION = YES;
				CLANG_WARN_CONSTANT_CONVERSION = YES;
				CLANG_WARN_DIRECT_OBJC_ISA_USAGE = YES_ERROR;
				CLANG_WARN_EMPTY_BODY = YES;
				CLANG_WARN_ENUM_CONVERSION = YES;
				CLANG_WARN_INT_CONVERSION = YES;
				CLANG_WARN_OBJC_ROOT_CLASS = YES_ERROR;
				CLANG_WARN_UNREACHABLE_CODE = YES;
				CLANG_WARN__DUPLICATE_METHOD_MATCH = YES;
				CODE_SIGN_IDENTITY = "-";
				COPY_PHASE_STRIP = NO;
				DEBUG_INFORMATION_FORMAT = "dwarf-with-dsym";
				ENABLE_NS_ASSERTIONS = NO;
				ENABLE_STRICT_OBJC_MSGSEND = YES;
				GCC_C_LANGUAGE_STANDARD = gnu99;
				GCC_NO_COMMON_BLOCKS = YES;
				GCC_WARN_64_TO_32_BIT_CONVERSION = YES;
				GCC_WARN_ABOUT_RETURN_TYPE = YES_ERROR;
				GCC_WARN_UNDECLARED_SELECTOR = YES;
				GCC_WARN_UNINITIALIZED_AUTOS = YES_AGGRESSIVE;
				GCC_WARN_UNUSED_FUNCTION = YES;
				GCC_WARN_UNUSED_VARIABLE = YES;
				MACOSX_DEPLOYMENT_TARGET = 10.11;
				MTL_ENABLE_DEBUG_INFO = NO;
				SDKROOT = macosx;
			};
			name = Release;
		};
		C5A333971BDAF6EA000767B2 /* Debug */ = {
			isa = XCBuildConfiguration;
			buildSettings = {
				ASSETCATALOG_COMPILER_APPICON_NAME = AppIcon;
				CODE_SIGN_ENTITLEMENTS = "Default Browser.entitlements";
				CODE_SIGN_IDENTITY = "Mac Developer";
				"CODE_SIGN_IDENTITY[sdk=macosx*]" = "Mac Developer";
				COMBINE_HIDPI_IMAGES = YES;
				INFOPLIST_FILE = DefaultBrowser/Info.plist;
				LD_RUNPATH_SEARCH_PATHS = "$(inherited) @executable_path/../Frameworks";
				MACOSX_DEPLOYMENT_TARGET = 10.10;
				PRODUCT_BUNDLE_IDENTIFIER = com.camlittle.DefaultBrowser;
				PRODUCT_NAME = "$(TARGET_NAME)";
				PROVISIONING_PROFILE = "";
			};
			name = Debug;
		};
		C5A333981BDAF6EA000767B2 /* Release */ = {
			isa = XCBuildConfiguration;
			buildSettings = {
				ASSETCATALOG_COMPILER_APPICON_NAME = AppIcon;
				CODE_SIGN_ENTITLEMENTS = "Default Browser.entitlements";
				CODE_SIGN_IDENTITY = "Mac Developer";
				"CODE_SIGN_IDENTITY[sdk=macosx*]" = "Mac Developer";
				COMBINE_HIDPI_IMAGES = YES;
				INFOPLIST_FILE = DefaultBrowser/Info.plist;
				LD_RUNPATH_SEARCH_PATHS = "$(inherited) @executable_path/../Frameworks";
				MACOSX_DEPLOYMENT_TARGET = 10.10;
				PRODUCT_BUNDLE_IDENTIFIER = com.camlittle.DefaultBrowser;
				PRODUCT_NAME = "$(TARGET_NAME)";
				PROVISIONING_PROFILE = "";
			};
			name = Release;
		};
		C5A3339A1BDAF6EA000767B2 /* Debug */ = {
			isa = XCBuildConfiguration;
			buildSettings = {
				BUNDLE_LOADER = "$(TEST_HOST)";
				COMBINE_HIDPI_IMAGES = YES;
				INFOPLIST_FILE = DefaultBrowserTests/Info.plist;
				LD_RUNPATH_SEARCH_PATHS = "$(inherited) @executable_path/../Frameworks @loader_path/../Frameworks";
				PRODUCT_BUNDLE_IDENTIFIER = com.camlittle.DefaultBrowserTests;
				PRODUCT_NAME = "$(TARGET_NAME)";
				TEST_HOST = "$(BUILT_PRODUCTS_DIR)/DefaultBrowser.app/Contents/MacOS/DefaultBrowser";
			};
			name = Debug;
		};
		C5A3339B1BDAF6EA000767B2 /* Release */ = {
			isa = XCBuildConfiguration;
			buildSettings = {
				BUNDLE_LOADER = "$(TEST_HOST)";
				COMBINE_HIDPI_IMAGES = YES;
				INFOPLIST_FILE = DefaultBrowserTests/Info.plist;
				LD_RUNPATH_SEARCH_PATHS = "$(inherited) @executable_path/../Frameworks @loader_path/../Frameworks";
				PRODUCT_BUNDLE_IDENTIFIER = com.camlittle.DefaultBrowserTests;
				PRODUCT_NAME = "$(TARGET_NAME)";
				TEST_HOST = "$(BUILT_PRODUCTS_DIR)/DefaultBrowser.app/Contents/MacOS/DefaultBrowser";
			};
			name = Release;
		};
		C5A3339D1BDAF6EA000767B2 /* Debug */ = {
			isa = XCBuildConfiguration;
			buildSettings = {
				COMBINE_HIDPI_IMAGES = YES;
				INFOPLIST_FILE = DefaultBrowserUITests/Info.plist;
				LD_RUNPATH_SEARCH_PATHS = "$(inherited) @executable_path/../Frameworks @loader_path/../Frameworks";
				PRODUCT_BUNDLE_IDENTIFIER = com.camlittle.DefaultBrowserUITests;
				PRODUCT_NAME = "$(TARGET_NAME)";
				TEST_TARGET_NAME = DefaultBrowser;
				USES_XCTRUNNER = YES;
			};
			name = Debug;
		};
		C5A3339E1BDAF6EA000767B2 /* Release */ = {
			isa = XCBuildConfiguration;
			buildSettings = {
				COMBINE_HIDPI_IMAGES = YES;
				INFOPLIST_FILE = DefaultBrowserUITests/Info.plist;
				LD_RUNPATH_SEARCH_PATHS = "$(inherited) @executable_path/../Frameworks @loader_path/../Frameworks";
				PRODUCT_BUNDLE_IDENTIFIER = com.camlittle.DefaultBrowserUITests;
				PRODUCT_NAME = "$(TARGET_NAME)";
				TEST_TARGET_NAME = DefaultBrowser;
				USES_XCTRUNNER = YES;
			};
			name = Release;
		};
/* End XCBuildConfiguration section */

/* Begin XCConfigurationList section */
		C5A3336E1BDAF6EA000767B2 /* Build configuration list for PBXProject "DefaultBrowser" */ = {
			isa = XCConfigurationList;
			buildConfigurations = (
				C5A333941BDAF6EA000767B2 /* Debug */,
				C5A333951BDAF6EA000767B2 /* Release */,
			);
			defaultConfigurationIsVisible = 0;
			defaultConfigurationName = Release;
		};
		C5A333961BDAF6EA000767B2 /* Build configuration list for PBXNativeTarget "Default Browser" */ = {
			isa = XCConfigurationList;
			buildConfigurations = (
				C5A333971BDAF6EA000767B2 /* Debug */,
				C5A333981BDAF6EA000767B2 /* Release */,
			);
			defaultConfigurationIsVisible = 0;
			defaultConfigurationName = Release;
		};
		C5A333991BDAF6EA000767B2 /* Build configuration list for PBXNativeTarget "DefaultBrowserTests" */ = {
			isa = XCConfigurationList;
			buildConfigurations = (
				C5A3339A1BDAF6EA000767B2 /* Debug */,
				C5A3339B1BDAF6EA000767B2 /* Release */,
			);
			defaultConfigurationIsVisible = 0;
			defaultConfigurationName = Release;
		};
		C5A3339C1BDAF6EA000767B2 /* Build configuration list for PBXNativeTarget "DefaultBrowserUITests" */ = {
			isa = XCConfigurationList;
			buildConfigurations = (
				C5A3339D1BDAF6EA000767B2 /* Debug */,
				C5A3339E1BDAF6EA000767B2 /* Release */,
			);
			defaultConfigurationIsVisible = 0;
			defaultConfigurationName = Release;
		};
/* End XCConfigurationList section */
	};
	rootObject = C5A3336B1BDAF6EA000767B2 /* Project object */;
}
