// !$*UTF8*$!
{
	archiveVersion = 1;
	classes = {
	};
	objectVersion = 54;
	objects = {

/* Begin PBXBuildFile section */
		C57375C52DCBC4B20010D944 /* test.html in Resources */ = {isa = PBXBuildFile; fileRef = C5AEAF5D29292C0A00F57C2F /* test.html */; };
		C58951F41BEAD8BA0093EE2E /* SystemUtilities.swift in Sources */ = {isa = PBXBuildFile; fileRef = C58951F31BEAD8BA0093EE2E /* SystemUtilities.swift */; };
		C5A333771BDAF6EA000767B2 /* AppDelegate.swift in Sources */ = {isa = PBXBuildFile; fileRef = C5A333761BDAF6EA000767B2 /* AppDelegate.swift */; };
		C5A333791BDAF6EA000767B2 /* Assets.xcassets in Resources */ = {isa = PBXBuildFile; fileRef = C5A333781BDAF6EA000767B2 /* Assets.xcassets */; };
		C5A3337C1BDAF6EA000767B2 /* MainMenu.xib in Resources */ = {isa = PBXBuildFile; fileRef = C5A3337A1BDAF6EA000767B2 /* MainMenu.xib */; };
		C5AF62D4292EF8E00087D317 /* Intents.swift in Sources */ = {isa = PBXBuildFile; fileRef = C5AF62D3292EF8E00087D317 /* Intents.swift */; };
		C5AF62D6292EF92F0087D317 /* Intents.intentdefinition in Sources */ = {isa = PBXBuildFile; fileRef = C5AF62D5292EF92F0087D317 /* Intents.intentdefinition */; };
		C5AF630F293273C00087D317 /* Bundle.swift in Sources */ = {isa = PBXBuildFile; fileRef = C5AF630E293273C00087D317 /* Bundle.swift */; };
		C5BDAED02DCAC8EE00D18EB3 /* ImageTransforms.swift in Sources */ = {isa = PBXBuildFile; fileRef = C5BDAECF2DCAC8E900D18EB3 /* ImageTransforms.swift */; };
		C5E39DC21BE83B48004E722B /* Defaults.swift in Sources */ = {isa = PBXBuildFile; fileRef = C5E39DC11BE83B48004E722B /* Defaults.swift */; };
/* End PBXBuildFile section */

/* Begin PBXCopyFilesBuildPhase section */
		C5AF62F1292F095F0087D317 /* Embed ExtensionKit Extensions */ = {
			isa = PBXCopyFilesBuildPhase;
			buildActionMask = 2147483647;
			dstPath = "$(EXTENSIONS_FOLDER_PATH)";
			dstSubfolderSpec = 16;
			files = (
			);
			name = "Embed ExtensionKit Extensions";
			runOnlyForDeploymentPostprocessing = 0;
		};
/* End PBXCopyFilesBuildPhase section */

/* Begin PBXFileReference section */
		C58951F31BEAD8BA0093EE2E /* SystemUtilities.swift */ = {isa = PBXFileReference; fileEncoding = 4; lastKnownFileType = sourcecode.swift; path = SystemUtilities.swift; sourceTree = "<group>"; };
		C5A333731BDAF6EA000767B2 /* Default Browser.app */ = {isa = PBXFileReference; explicitFileType = wrapper.application; includeInIndex = 0; path = "Default Browser.app"; sourceTree = BUILT_PRODUCTS_DIR; };
		C5A333761BDAF6EA000767B2 /* AppDelegate.swift */ = {isa = PBXFileReference; lastKnownFileType = sourcecode.swift; path = AppDelegate.swift; sourceTree = "<group>"; };
		C5A333781BDAF6EA000767B2 /* Assets.xcassets */ = {isa = PBXFileReference; lastKnownFileType = folder.assetcatalog; path = Assets.xcassets; sourceTree = "<group>"; };
		C5A3337B1BDAF6EA000767B2 /* Base */ = {isa = PBXFileReference; lastKnownFileType = file.xib; name = Base; path = Base.lproj/MainMenu.xib; sourceTree = "<group>"; };
		C5A3337D1BDAF6EA000767B2 /* Info.plist */ = {isa = PBXFileReference; lastKnownFileType = text.plist.xml; path = Info.plist; sourceTree = "<group>"; };
		C5AEAF5D29292C0A00F57C2F /* test.html */ = {isa = PBXFileReference; lastKnownFileType = text.html; path = test.html; sourceTree = "<group>"; };
		C5AEAF5E29292C2900F57C2F /* .github */ = {isa = PBXFileReference; lastKnownFileType = folder; path = .github; sourceTree = "<group>"; };
		C5AF62D3292EF8E00087D317 /* Intents.swift */ = {isa = PBXFileReference; lastKnownFileType = sourcecode.swift; path = Intents.swift; sourceTree = "<group>"; };
		C5AF62D5292EF92F0087D317 /* Intents.intentdefinition */ = {isa = PBXFileReference; lastKnownFileType = file.intentdefinition; path = Intents.intentdefinition; sourceTree = "<group>"; };
		C5AF630E293273C00087D317 /* Bundle.swift */ = {isa = PBXFileReference; lastKnownFileType = sourcecode.swift; path = Bundle.swift; sourceTree = "<group>"; };
		C5BDAECF2DCAC8E900D18EB3 /* ImageTransforms.swift */ = {isa = PBXFileReference; lastKnownFileType = sourcecode.swift; path = ImageTransforms.swift; sourceTree = "<group>"; };
		C5C938A0249BF1AD0008EF81 /* README.md */ = {isa = PBXFileReference; lastKnownFileType = net.daringfireball.markdown; path = README.md; sourceTree = "<group>"; };
		C5E39DC11BE83B48004E722B /* Defaults.swift */ = {isa = PBXFileReference; fileEncoding = 4; lastKnownFileType = sourcecode.swift; path = Defaults.swift; sourceTree = "<group>"; };
		C5E39DC31BE893EA004E722B /* Default Browser.entitlements */ = {isa = PBXFileReference; lastKnownFileType = text.xml; path = "Default Browser.entitlements"; sourceTree = "<group>"; };
/* End PBXFileReference section */

/* Begin PBXFrameworksBuildPhase section */
		C5A333701BDAF6EA000767B2 /* Frameworks */ = {
			isa = PBXFrameworksBuildPhase;
			buildActionMask = 2147483647;
			files = (
			);
			runOnlyForDeploymentPostprocessing = 0;
		};
/* End PBXFrameworksBuildPhase section */

/* Begin PBXGroup section */
		C5A3336A1BDAF6EA000767B2 = {
			isa = PBXGroup;
			children = (
				C5AEAF5E29292C2900F57C2F /* .github */,
				C5AEAF5D29292C0A00F57C2F /* test.html */,
				C5C938A0249BF1AD0008EF81 /* README.md */,
				C5E39DC31BE893EA004E722B /* Default Browser.entitlements */,
				C5A333751BDAF6EA000767B2 /* DefaultBrowser */,
				C5A333741BDAF6EA000767B2 /* Products */,
			);
			sourceTree = "<group>";
		};
		C5A333741BDAF6EA000767B2 /* Products */ = {
			isa = PBXGroup;
			children = (
				C5A333731BDAF6EA000767B2 /* Default Browser.app */,
			);
			name = Products;
			sourceTree = "<group>";
		};
		C5A333751BDAF6EA000767B2 /* DefaultBrowser */ = {
			isa = PBXGroup;
			children = (
				C5BDAECF2DCAC8E900D18EB3 /* ImageTransforms.swift */,
				C5A333761BDAF6EA000767B2 /* AppDelegate.swift */,
				C58951F31BEAD8BA0093EE2E /* SystemUtilities.swift */,
				C5E39DC11BE83B48004E722B /* Defaults.swift */,
				C5AF62D3292EF8E00087D317 /* Intents.swift */,
				C5AF62D5292EF92F0087D317 /* Intents.intentdefinition */,
				C5A333781BDAF6EA000767B2 /* Assets.xcassets */,
				C5A3337A1BDAF6EA000767B2 /* MainMenu.xib */,
				C5A3337D1BDAF6EA000767B2 /* Info.plist */,
				C5AF630E293273C00087D317 /* Bundle.swift */,
			);
			path = DefaultBrowser;
			sourceTree = "<group>";
		};
/* End PBXGroup section */

/* Begin PBXNativeTarget section */
		C5A333721BDAF6EA000767B2 /* Default Browser */ = {
			isa = PBXNativeTarget;
			buildConfigurationList = C5A333961BDAF6EA000767B2 /* Build configuration list for PBXNativeTarget "Default Browser" */;
			buildPhases = (
				C5A3336F1BDAF6EA000767B2 /* Sources */,
				C5A333711BDAF6EA000767B2 /* Resources */,
				C5A333701BDAF6EA000767B2 /* Frameworks */,
				C5AF62F1292F095F0087D317 /* Embed ExtensionKit Extensions */,
			);
			buildRules = (
			);
			dependencies = (
			);
			name = "Default Browser";
			productName = DefaultBrowser;
			productReference = C5A333731BDAF6EA000767B2 /* Default Browser.app */;
			productType = "com.apple.product-type.application";
		};
/* End PBXNativeTarget section */

/* Begin PBXProject section */
		C5A3336B1BDAF6EA000767B2 /* Project object */ = {
			isa = PBXProject;
			attributes = {
				BuildIndependentTargetsInParallel = YES;
				LastSwiftUpdateCheck = 1410;
				LastUpgradeCheck = 1620;
				ORGANIZATIONNAME = "Cameron Little";
				TargetAttributes = {
					C5A333721BDAF6EA000767B2 = {
						CreatedOnToolsVersion = 7.1;
						DevelopmentTeam = 6D9DLTQJSN;
						LastSwiftMigration = 1030;
						SystemCapabilities = {
							com.apple.Sandbox = {
								enabled = 1;
							};
						};
					};
				};
			};
			buildConfigurationList = C5A3336E1BDAF6EA000767B2 /* Build configuration list for PBXProject "DefaultBrowser" */;
			compatibilityVersion = "Xcode 3.2";
			developmentRegion = en;
			hasScannedForEncodings = 0;
			knownRegions = (
				en,
				Base,
			);
			mainGroup = C5A3336A1BDAF6EA000767B2;
			productRefGroup = C5A333741BDAF6EA000767B2 /* Products */;
			projectDirPath = "";
			projectRoot = "";
			targets = (
				C5A333721BDAF6EA000767B2 /* Default Browser */,
			);
		};
/* End PBXProject section */

/* Begin PBXResourcesBuildPhase section */
		C5A333711BDAF6EA000767B2 /* Resources */ = {
			isa = PBXResourcesBuildPhase;
			buildActionMask = 2147483647;
			files = (
				C5A333791BDAF6EA000767B2 /* Assets.xcassets in Resources */,
				C5A3337C1BDAF6EA000767B2 /* MainMenu.xib in Resources */,
				C57375C52DCBC4B20010D944 /* test.html in Resources */,
			);
			runOnlyForDeploymentPostprocessing = 0;
		};
/* End PBXResourcesBuildPhase section */

/* Begin PBXSourcesBuildPhase section */
		C5A3336F1BDAF6EA000767B2 /* Sources */ = {
			isa = PBXSourcesBuildPhase;
			buildActionMask = 2147483647;
			files = (
				C58951F41BEAD8BA0093EE2E /* SystemUtilities.swift in Sources */,
				C5AF630F293273C00087D317 /* Bundle.swift in Sources */,
				C5BDAED02DCAC8EE00D18EB3 /* ImageTransforms.swift in Sources */,
				C5AF62D4292EF8E00087D317 /* Intents.swift in Sources */,
				C5E39DC21BE83B48004E722B /* Defaults.swift in Sources */,
				C5AF62D6292EF92F0087D317 /* Intents.intentdefinition in Sources */,
				C5A333771BDAF6EA000767B2 /* AppDelegate.swift in Sources */,
			);
			runOnlyForDeploymentPostprocessing = 0;
		};
/* End PBXSourcesBuildPhase section */

/* Begin PBXVariantGroup section */
		C5A3337A1BDAF6EA000767B2 /* MainMenu.xib */ = {
			isa = PBXVariantGroup;
			children = (
				C5A3337B1BDAF6EA000767B2 /* Base */,
			);
			name = MainMenu.xib;
			sourceTree = "<group>";
		};
/* End PBXVariantGroup section */

/* Begin XCBuildConfiguration section */
		C5A333941BDAF6EA000767B2 /* Debug */ = {
			isa = XCBuildConfiguration;
			buildSettings = {
				ALWAYS_SEARCH_USER_PATHS = NO;
				ASSETCATALOG_COMPILER_GENERATE_SWIFT_ASSET_SYMBOL_EXTENSIONS = YES;
				CLANG_CXX_LANGUAGE_STANDARD = "gnu++0x";
				CLANG_ENABLE_MODULES = YES;
				CLANG_ENABLE_OBJC_ARC = YES;
				CLANG_WARN_BLOCK_CAPTURE_AUTORELEASING = YES;
				CLANG_WARN_BOOL_CONVERSION = YES;
				CLANG_WARN_COMMA = YES;
				CLANG_WARN_CONSTANT_CONVERSION = YES;
				CLANG_WARN_DEPRECATED_OBJC_IMPLEMENTATIONS = YES;
				CLANG_WARN_DIRECT_OBJC_ISA_USAGE = YES_ERROR;
				CLANG_WARN_EMPTY_BODY = YES;
				CLANG_WARN_ENUM_CONVERSION = YES;
				CLANG_WARN_INFINITE_RECURSION = YES;
				CLANG_WARN_INT_CONVERSION = YES;
				CLANG_WARN_NON_LITERAL_NULL_CONVERSION = YES;
				CLANG_WARN_OBJC_IMPLICIT_RETAIN_SELF = YES;
				CLANG_WARN_OBJC_LITERAL_CONVERSION = YES;
				CLANG_WARN_OBJC_ROOT_CLASS = YES_ERROR;
				CLANG_WARN_QUOTED_INCLUDE_IN_FRAMEWORK_HEADER = YES;
				CLANG_WARN_RANGE_LOOP_ANALYSIS = YES;
				CLANG_WARN_STRICT_PROTOTYPES = YES;
				CLANG_WARN_SUSPICIOUS_MOVE = YES;
				CLANG_WARN_UNREACHABLE_CODE = YES;
				CLANG_WARN__DUPLICATE_METHOD_MATCH = YES;
				CODE_SIGN_IDENTITY = "-";
				COPY_PHASE_STRIP = NO;
				DEAD_CODE_STRIPPING = YES;
				DEBUG_INFORMATION_FORMAT = dwarf;
				ENABLE_STRICT_OBJC_MSGSEND = YES;
				ENABLE_TESTABILITY = YES;
				ENABLE_USER_SCRIPT_SANDBOXING = YES;
				GCC_C_LANGUAGE_STANDARD = gnu99;
				GCC_DYNAMIC_NO_PIC = NO;
				GCC_NO_COMMON_BLOCKS = YES;
				GCC_OPTIMIZATION_LEVEL = 0;
				GCC_PREPROCESSOR_DEFINITIONS = (
					"DEBUG=1",
					"$(inherited)",
				);
				GCC_WARN_64_TO_32_BIT_CONVERSION = YES;
				GCC_WARN_ABOUT_RETURN_TYPE = YES_ERROR;
				GCC_WARN_UNDECLARED_SELECTOR = YES;
				GCC_WARN_UNINITIALIZED_AUTOS = YES_AGGRESSIVE;
				GCC_WARN_UNUSED_FUNCTION = YES;
				GCC_WARN_UNUSED_VARIABLE = YES;
				MACOSX_DEPLOYMENT_TARGET = 10.11;
				MTL_ENABLE_DEBUG_INFO = YES;
				ONLY_ACTIVE_ARCH = YES;
				SWIFT_OPTIMIZATION_LEVEL = "-Onone";
				VERSIONING_SYSTEM = "apple-generic";
				VERSION_INFO_SUFFIX = _debug;
			};
			name = Debug;
		};
		C5A333951BDAF6EA000767B2 /* Release */ = {
			isa = XCBuildConfiguration;
			buildSettings = {
				ALWAYS_SEARCH_USER_PATHS = NO;
				ASSETCATALOG_COMPILER_GENERATE_SWIFT_ASSET_SYMBOL_EXTENSIONS = YES;
				CLANG_CXX_LANGUAGE_STANDARD = "gnu++0x";
				CLANG_ENABLE_MODULES = YES;
				CLANG_ENABLE_OBJC_ARC = YES;
				CLANG_WARN_BLOCK_CAPTURE_AUTORELEASING = YES;
				CLANG_WARN_BOOL_CONVERSION = YES;
				CLANG_WARN_COMMA = YES;
				CLANG_WARN_CONSTANT_CONVERSION = YES;
				CLANG_WARN_DEPRECATED_OBJC_IMPLEMENTATIONS = YES;
				CLANG_WARN_DIRECT_OBJC_ISA_USAGE = YES_ERROR;
				CLANG_WARN_EMPTY_BODY = YES;
				CLANG_WARN_ENUM_CONVERSION = YES;
				CLANG_WARN_INFINITE_RECURSION = YES;
				CLANG_WARN_INT_CONVERSION = YES;
				CLANG_WARN_NON_LITERAL_NULL_CONVERSION = YES;
				CLANG_WARN_OBJC_IMPLICIT_RETAIN_SELF = YES;
				CLANG_WARN_OBJC_LITERAL_CONVERSION = YES;
				CLANG_WARN_OBJC_ROOT_CLASS = YES_ERROR;
				CLANG_WARN_QUOTED_INCLUDE_IN_FRAMEWORK_HEADER = YES;
				CLANG_WARN_RANGE_LOOP_ANALYSIS = YES;
				CLANG_WARN_STRICT_PROTOTYPES = YES;
				CLANG_WARN_SUSPICIOUS_MOVE = YES;
				CLANG_WARN_UNREACHABLE_CODE = YES;
				CLANG_WARN__DUPLICATE_METHOD_MATCH = YES;
				CODE_SIGN_IDENTITY = "-";
				COPY_PHASE_STRIP = NO;
				DEAD_CODE_STRIPPING = YES;
				DEBUG_INFORMATION_FORMAT = "dwarf-with-dsym";
				ENABLE_NS_ASSERTIONS = NO;
				ENABLE_STRICT_OBJC_MSGSEND = YES;
				ENABLE_USER_SCRIPT_SANDBOXING = YES;
				GCC_C_LANGUAGE_STANDARD = gnu99;
				GCC_NO_COMMON_BLOCKS = YES;
				GCC_WARN_64_TO_32_BIT_CONVERSION = YES;
				GCC_WARN_ABOUT_RETURN_TYPE = YES_ERROR;
				GCC_WARN_UNDECLARED_SELECTOR = YES;
				GCC_WARN_UNINITIALIZED_AUTOS = YES_AGGRESSIVE;
				GCC_WARN_UNUSED_FUNCTION = YES;
				GCC_WARN_UNUSED_VARIABLE = YES;
				MACOSX_DEPLOYMENT_TARGET = 10.11;
				MTL_ENABLE_DEBUG_INFO = NO;
				SWIFT_COMPILATION_MODE = wholemodule;
				VERSIONING_SYSTEM = "apple-generic";
			};
			name = Release;
		};
		C5A333971BDAF6EA000767B2 /* Debug */ = {
			isa = XCBuildConfiguration;
			buildSettings = {
				ASSETCATALOG_COMPILER_APPICON_NAME = AppIcon;
				CODE_SIGN_ENTITLEMENTS = "Default Browser.entitlements";
				CODE_SIGN_IDENTITY = "Mac Developer";
				"CODE_SIGN_IDENTITY[sdk=macosx*]" = "Apple Development";
				COMBINE_HIDPI_IMAGES = YES;
				DEAD_CODE_STRIPPING = YES;
				DEVELOPMENT_TEAM = 6D9DLTQJSN;
				ENABLE_HARDENED_RUNTIME = YES;
				INFOPLIST_FILE = DefaultBrowser/Info.plist;
				INFOPLIST_KEY_LSApplicationCategoryType = "public.app-category.utilities";
				LD_RUNPATH_SEARCH_PATHS = (
					"$(inherited)",
					"@executable_path/../Frameworks",
				);
				MACOSX_DEPLOYMENT_TARGET = 10.15;
				MARKETING_VERSION = 1.4.0;
				PRODUCT_BUNDLE_IDENTIFIER = com.camlittle.DefaultBrowser;
				PRODUCT_NAME = "$(TARGET_NAME)";
				PROVISIONING_PROFILE = "";
				SWIFT_VERSION = 5.0;
			};
			name = Debug;
		};
		C5A333981BDAF6EA000767B2 /* Release */ = {
			isa = XCBuildConfiguration;
			buildSettings = {
				ASSETCATALOG_COMPILER_APPICON_NAME = AppIcon;
				CODE_SIGN_ENTITLEMENTS = "Default Browser.entitlements";
				CODE_SIGN_IDENTITY = "Mac Developer";
				"CODE_SIGN_IDENTITY[sdk=macosx*]" = "Apple Development";
				COMBINE_HIDPI_IMAGES = YES;
				DEAD_CODE_STRIPPING = YES;
				DEVELOPMENT_TEAM = 6D9DLTQJSN;
				ENABLE_HARDENED_RUNTIME = YES;
				INFOPLIST_FILE = DefaultBrowser/Info.plist;
				INFOPLIST_KEY_LSApplicationCategoryType = "public.app-category.utilities";
				LD_RUNPATH_SEARCH_PATHS = (
					"$(inherited)",
					"@executable_path/../Frameworks",
				);
				MACOSX_DEPLOYMENT_TARGET = 10.15;
				MARKETING_VERSION = 1.4.0;
				PRODUCT_BUNDLE_IDENTIFIER = com.camlittle.DefaultBrowser;
				PRODUCT_NAME = "$(TARGET_NAME)";
				PROVISIONING_PROFILE = "";
				SWIFT_VERSION = 5.0;
			};
			name = Release;
		};
/* End XCBuildConfiguration section */

/* Begin XCConfigurationList section */
		C5A3336E1BDAF6EA000767B2 /* Build configuration list for PBXProject "DefaultBrowser" */ = {
			isa = XCConfigurationList;
			buildConfigurations = (
				C5A333941BDAF6EA000767B2 /* Debug */,
				C5A333951BDAF6EA000767B2 /* Release */,
			);
			defaultConfigurationIsVisible = 0;
			defaultConfigurationName = Release;
		};
		C5A333961BDAF6EA000767B2 /* Build configuration list for PBXNativeTarget "Default Browser" */ = {
			isa = XCConfigurationList;
			buildConfigurations = (
				C5A333971BDAF6EA000767B2 /* Debug */,
				C5A333981BDAF6EA000767B2 /* Release */,
			);
			defaultConfigurationIsVisible = 0;
			defaultConfigurationName = Release;
		};
/* End XCConfigurationList section */
	};
	rootObject = C5A3336B1BDAF6EA000767B2 /* Project object */;
}
